
Microsoft Visual Studio Solution File, Format Version 12.00
# Visual Studio Version 17
VisualStudioVersion = 17.5.002.0
MinimumVisualStudioVersion = 10.0.40219.1
Project("{9A19103F-16F7-4668-BE54-9A1E7A4F7556}") = "18-NegatifPozitif", "18-NegatifPozitif.csproj", "{6857F94E-1403-4F98-8966-007A3B3B809D}"
EndProject
Global
	GlobalSection(SolutionConfigurationPlatforms) = preSolution
		Debug|Any CPU = Debug|Any CPU
		Release|Any CPU = Release|Any CPU
	EndGlobalSection
	GlobalSection(ProjectConfigurationPlatforms) = postSolution
		{6857F94E-1403-4F98-8966-007A3B3B809D}.Debug|Any CPU.ActiveCfg = Debug|Any CPU
		{6857F94E-1403-4F98-8966-007A3B3B809D}.Debug|Any CPU.Build.0 = Debug|Any CPU
		{6857F94E-1403-4F98-8966-007A3B3B809D}.Release|Any CPU.ActiveCfg = Release|Any CPU
		{6857F94E-1403-4F98-8966-007A3B3B809D}.Release|Any CPU.Build.0 = Release|Any CPU
	EndGlobalSection
	GlobalSection(SolutionProperties) = preSolution
		HideSolutionNode = FALSE
	EndGlobalSection
	GlobalSection(ExtensibilityGlobals) = postSolution
		SolutionGuid = {7C4CB9A8-A097-493B-9CBA-05281CDD1C60}
	EndGlobalSection
EndGlobal
